
Microsoft Visual Studio Solution File, Format Version 12.00
# Visual Studio Version 16
VisualStudioVersion = 16.0.29209.62
MinimumVisualStudioVersion = 10.0.40219.1
Project("{FAE04EC0-301F-11D3-BF4B-00C04F79EFBC}") = "RussianRoulette", "RussianRoulette\RussianRoulette.csproj", "{CDA65D6D-0FE1-4105-9154-ED027956A010}"
EndProject
Project("{FAE04EC0-301F-11D3-BF4B-00C04F79EFBC}") = "RussianRouletteTestProject", "RussianRouletteTestProject\RussianRouletteTestProject.csproj", "{465022E6-CBFD-465D-A1EB-F5A7B30F933B}"
EndProject
Global
	GlobalSection(SolutionConfigurationPlatforms) = preSolution
		Debug|Any CPU = Debug|Any CPU
		Release|Any CPU = Release|Any CPU
	EndGlobalSection
	GlobalSection(ProjectConfigurationPlatforms) = postSolution
		{CDA65D6D-0FE1-4105-9154-ED027956A010}.Debug|Any CPU.ActiveCfg = Debug|Any CPU
		{CDA65D6D-0FE1-4105-9154-ED027956A010}.Debug|Any CPU.Build.0 = Debug|Any CPU
		{CDA65D6D-0FE1-4105-9154-ED027956A010}.Release|Any CPU.ActiveCfg = Release|Any CPU
		{CDA65D6D-0FE1-4105-9154-ED027956A010}.Release|Any CPU.Build.0 = Release|Any CPU
		{465022E6-CBFD-465D-A1EB-F5A7B30F933B}.Debug|Any CPU.ActiveCfg = Debug|Any CPU
		{465022E6-CBFD-465D-A1EB-F5A7B30F933B}.Debug|Any CPU.Build.0 = Debug|Any CPU
		{465022E6-CBFD-465D-A1EB-F5A7B30F933B}.Release|Any CPU.ActiveCfg = Release|Any CPU
		{465022E6-CBFD-465D-A1EB-F5A7B30F933B}.Release|Any CPU.Build.0 = Release|Any CPU
	EndGlobalSection
	GlobalSection(SolutionProperties) = preSolution
		HideSolutionNode = FALSE
	EndGlobalSection
	GlobalSection(ExtensibilityGlobals) = postSolution
		SolutionGuid = {73844759-21CC-4916-ACF7-493FF052CD1B}
	EndGlobalSection
EndGlobal
